{
  "object": {
    "pins": [
      {
        "package": "LBBottomSheet",
        "repositoryURL": "https://github.com/LunabeeStudio/LBBottomSheet",
        "state": {
          "branch": "develop",
          "revision": "9f290fe40732bcba09a666e39f0d13f6e98c6e3f",
          "version": null
        }
      }
    ]
  },
  "version": 1
}
