{
  "pins" : [
    {
      "identity" : "lbbottomsheet",
      "kind" : "remoteSourceControl",
      "location" : "https://github.com/LunabeeStudio/LBBottomSheet",
      "state" : {
        "branch" : "develop",
        "revision" : "0ec64220ec8e57bb383539bd147e6efa6fce11f1"
      }
    }
  ],
  "version" : 2
}
