{
  "object": {
    "pins": [
      {
        "package": "LBBottomSheet",
        "repositoryURL": "https://github.com/LunabeeStudio/LBBottomSheet",
        "state": {
          "branch": "feature/specific-heights-custom",
          "revision": "181329e4df3308c80819bc5a90ea09925beefc23",
          "version": null
        }
      }
    ]
  },
  "version": 1
}
